
Microsoft Visual Studio Solution File, Format Version 12.00
# Visual Studio Version 16
VisualStudioVersion = 16.0.30011.22
MinimumVisualStudioVersion = 10.0.40219.1
Project("{FAE04EC0-301F-11D3-BF4B-00C04F79EFBC}") = "tienda2", "tienda2\tienda2.csproj", "{276F6F09-590C-49FC-87A1-7FD48E834010}"
EndProject
Global
	GlobalSection(SolutionConfigurationPlatforms) = preSolution
		Debug|Any CPU = Debug|Any CPU
		Release|Any CPU = Release|Any CPU
	EndGlobalSection
	GlobalSection(ProjectConfigurationPlatforms) = postSolution
		{276F6F09-590C-49FC-87A1-7FD48E834010}.Debug|Any CPU.ActiveCfg = Debug|Any CPU
		{276F6F09-590C-49FC-87A1-7FD48E834010}.Debug|Any CPU.Build.0 = Debug|Any CPU
		{276F6F09-590C-49FC-87A1-7FD48E834010}.Release|Any CPU.ActiveCfg = Release|Any CPU
		{276F6F09-590C-49FC-87A1-7FD48E834010}.Release|Any CPU.Build.0 = Release|Any CPU
	EndGlobalSection
	GlobalSection(SolutionProperties) = preSolution
		HideSolutionNode = FALSE
	EndGlobalSection
	GlobalSection(ExtensibilityGlobals) = postSolution
		SolutionGuid = {4ACF7242-AEB0-4B69-BEA4-ED883155EE20}
	EndGlobalSection
EndGlobal
